// !$*UTF8*$!
{
	archiveVersion = 1;
	classes = {
	};
	objectVersion = 46;
	objects = {

/* Begin PBXBuildFile section */
		F73A666F1EB5CB6800BDD4CF /* AppDelegate.swift in Sources */ = {isa = PBXBuildFile; fileRef = F73A666E1EB5CB6800BDD4CF /* AppDelegate.swift */; };
		F73A66741EB5CB6800BDD4CF /* Main.storyboard in Resources */ = {isa = PBXBuildFile; fileRef = F73A66721EB5CB6800BDD4CF /* Main.storyboard */; };
		F73A66761EB5CB6800BDD4CF /* Assets.xcassets in Resources */ = {isa = PBXBuildFile; fileRef = F73A66751EB5CB6800BDD4CF /* Assets.xcassets */; };
		F73A66791EB5CB6800BDD4CF /* LaunchScreen.storyboard in Resources */ = {isa = PBXBuildFile; fileRef = F73A66771EB5CB6800BDD4CF /* LaunchScreen.storyboard */; };
		F73A66841EB5CB6800BDD4CF /* aTests.swift in Sources */ = {isa = PBXBuildFile; fileRef = F73A66831EB5CB6800BDD4CF /* aTests.swift */; };
		F73A668F1EB5CB6800BDD4CF /* aUITests.swift in Sources */ = {isa = PBXBuildFile; fileRef = F73A668E1EB5CB6800BDD4CF /* aUITests.swift */; };
		F73A669D1EB5CB7300BDD4CF /* TestCollectionViewCell.swift in Sources */ = {isa = PBXBuildFile; fileRef = F73A669C1EB5CB7300BDD4CF /* TestCollectionViewCell.swift */; };
		F73A669F1EB5CC6500BDD4CF /* ViewController.swift in Sources */ = {isa = PBXBuildFile; fileRef = F73A669E1EB5CC6500BDD4CF /* ViewController.swift */; };
		F73A66A11EB5D3CD00BDD4CF /* SubViewController.swift in Sources */ = {isa = PBXBuildFile; fileRef = F73A66A01EB5D3CD00BDD4CF /* SubViewController.swift */; };
		F73A66A31EBA511B00BDD4CF /* MemoViewController.swift in Sources */ = {isa = PBXBuildFile; fileRef = F73A66A21EBA511B00BDD4CF /* MemoViewController.swift */; };
		F73A66A51EBA7C8800BDD4CF /* ViewController1.swift in Sources */ = {isa = PBXBuildFile; fileRef = F73A66A41EBA7C8800BDD4CF /* ViewController1.swift */; };
		F73A66A71EBB5A2700BDD4CF /* ImageViewController.swift in Sources */ = {isa = PBXBuildFile; fileRef = F73A66A61EBB5A2700BDD4CF /* ImageViewController.swift */; };
/* End PBXBuildFile section */

/* Begin PBXContainerItemProxy section */
		F73A66801EB5CB6800BDD4CF /* PBXContainerItemProxy */ = {
			isa = PBXContainerItemProxy;
			containerPortal = F73A66631EB5CB6800BDD4CF /* Project object */;
			proxyType = 1;
			remoteGlobalIDString = F73A666A1EB5CB6800BDD4CF;
			remoteInfo = a;
		};
		F73A668B1EB5CB6800BDD4CF /* PBXContainerItemProxy */ = {
			isa = PBXContainerItemProxy;
			containerPortal = F73A66631EB5CB6800BDD4CF /* Project object */;
			proxyType = 1;
			remoteGlobalIDString = F73A666A1EB5CB6800BDD4CF;
			remoteInfo = a;
		};
/* End PBXContainerItemProxy section */

/* Begin PBXFileReference section */
		F73A666B1EB5CB6800BDD4CF /* a.app */ = {isa = PBXFileReference; explicitFileType = wrapper.application; includeInIndex = 0; path = a.app; sourceTree = BUILT_PRODUCTS_DIR; };
		F73A666E1EB5CB6800BDD4CF /* AppDelegate.swift */ = {isa = PBXFileReference; lastKnownFileType = sourcecode.swift; path = AppDelegate.swift; sourceTree = "<group>"; };
		F73A66731EB5CB6800BDD4CF /* Base */ = {isa = PBXFileReference; lastKnownFileType = file.storyboard; name = Base; path = Base.lproj/Main.storyboard; sourceTree = "<group>"; };
		F73A66751EB5CB6800BDD4CF /* Assets.xcassets */ = {isa = PBXFileReference; lastKnownFileType = folder.assetcatalog; path = Assets.xcassets; sourceTree = "<group>"; };
		F73A66781EB5CB6800BDD4CF /* Base */ = {isa = PBXFileReference; lastKnownFileType = file.storyboard; name = Base; path = Base.lproj/LaunchScreen.storyboard; sourceTree = "<group>"; };
		F73A667A1EB5CB6800BDD4CF /* Info.plist */ = {isa = PBXFileReference; lastKnownFileType = text.plist.xml; path = Info.plist; sourceTree = "<group>"; };
		F73A667F1EB5CB6800BDD4CF /* aTests.xctest */ = {isa = PBXFileReference; explicitFileType = wrapper.cfbundle; includeInIndex = 0; path = aTests.xctest; sourceTree = BUILT_PRODUCTS_DIR; };
		F73A66831EB5CB6800BDD4CF /* aTests.swift */ = {isa = PBXFileReference; lastKnownFileType = sourcecode.swift; path = aTests.swift; sourceTree = "<group>"; };
		F73A66851EB5CB6800BDD4CF /* Info.plist */ = {isa = PBXFileReference; lastKnownFileType = text.plist.xml; path = Info.plist; sourceTree = "<group>"; };
		F73A668A1EB5CB6800BDD4CF /* aUITests.xctest */ = {isa = PBXFileReference; explicitFileType = wrapper.cfbundle; includeInIndex = 0; path = aUITests.xctest; sourceTree = BUILT_PRODUCTS_DIR; };
		F73A668E1EB5CB6800BDD4CF /* aUITests.swift */ = {isa = PBXFileReference; lastKnownFileType = sourcecode.swift; path = aUITests.swift; sourceTree = "<group>"; };
		F73A66901EB5CB6800BDD4CF /* Info.plist */ = {isa = PBXFileReference; lastKnownFileType = text.plist.xml; path = Info.plist; sourceTree = "<group>"; };
		F73A669C1EB5CB7300BDD4CF /* TestCollectionViewCell.swift */ = {isa = PBXFileReference; fileEncoding = 4; lastKnownFileType = sourcecode.swift; path = TestCollectionViewCell.swift; sourceTree = "<group>"; };
		F73A669E1EB5CC6500BDD4CF /* ViewController.swift */ = {isa = PBXFileReference; fileEncoding = 4; lastKnownFileType = sourcecode.swift; path = ViewController.swift; sourceTree = "<group>"; };
		F73A66A01EB5D3CD00BDD4CF /* SubViewController.swift */ = {isa = PBXFileReference; fileEncoding = 4; lastKnownFileType = sourcecode.swift; path = SubViewController.swift; sourceTree = "<group>"; };
		F73A66A21EBA511B00BDD4CF /* MemoViewController.swift */ = {isa = PBXFileReference; fileEncoding = 4; lastKnownFileType = sourcecode.swift; path = MemoViewController.swift; sourceTree = "<group>"; };
		F73A66A41EBA7C8800BDD4CF /* ViewController1.swift */ = {isa = PBXFileReference; fileEncoding = 4; lastKnownFileType = sourcecode.swift; path = ViewController1.swift; sourceTree = "<group>"; };
		F73A66A61EBB5A2700BDD4CF /* ImageViewController.swift */ = {isa = PBXFileReference; fileEncoding = 4; lastKnownFileType = sourcecode.swift; path = ImageViewController.swift; sourceTree = "<group>"; };
/* End PBXFileReference section */

/* Begin PBXFrameworksBuildPhase section */
		F73A66681EB5CB6800BDD4CF /* Frameworks */ = {
			isa = PBXFrameworksBuildPhase;
			buildActionMask = 2147483647;
			files = (
			);
			runOnlyForDeploymentPostprocessing = 0;
		};
		F73A667C1EB5CB6800BDD4CF /* Frameworks */ = {
			isa = PBXFrameworksBuildPhase;
			buildActionMask = 2147483647;
			files = (
			);
			runOnlyForDeploymentPostprocessing = 0;
		};
		F73A66871EB5CB6800BDD4CF /* Frameworks */ = {
			isa = PBXFrameworksBuildPhase;
			buildActionMask = 2147483647;
			files = (
			);
			runOnlyForDeploymentPostprocessing = 0;
		};
/* End PBXFrameworksBuildPhase section */

/* Begin PBXGroup section */
		F73A66621EB5CB6800BDD4CF = {
			isa = PBXGroup;
			children = (
				F73A666D1EB5CB6800BDD4CF /* a */,
				F73A66821EB5CB6800BDD4CF /* aTests */,
				F73A668D1EB5CB6800BDD4CF /* aUITests */,
				F73A666C1EB5CB6800BDD4CF /* Products */,
			);
			sourceTree = "<group>";
		};
		F73A666C1EB5CB6800BDD4CF /* Products */ = {
			isa = PBXGroup;
			children = (
				F73A666B1EB5CB6800BDD4CF /* a.app */,
				F73A667F1EB5CB6800BDD4CF /* aTests.xctest */,
				F73A668A1EB5CB6800BDD4CF /* aUITests.xctest */,
			);
			name = Products;
			sourceTree = "<group>";
		};
		F73A666D1EB5CB6800BDD4CF /* a */ = {
			isa = PBXGroup;
			children = (
				F73A666E1EB5CB6800BDD4CF /* AppDelegate.swift */,
				F73A669E1EB5CC6500BDD4CF /* ViewController.swift */,
				F73A669C1EB5CB7300BDD4CF /* TestCollectionViewCell.swift */,
				F73A66A01EB5D3CD00BDD4CF /* SubViewController.swift */,
				F73A66A41EBA7C8800BDD4CF /* ViewController1.swift */,
				F73A66A21EBA511B00BDD4CF /* MemoViewController.swift */,
				F73A66A61EBB5A2700BDD4CF /* ImageViewController.swift */,
				F73A66721EB5CB6800BDD4CF /* Main.storyboard */,
				F73A66751EB5CB6800BDD4CF /* Assets.xcassets */,
				F73A66771EB5CB6800BDD4CF /* LaunchScreen.storyboard */,
				F73A667A1EB5CB6800BDD4CF /* Info.plist */,
			);
			path = a;
			sourceTree = "<group>";
		};
		F73A66821EB5CB6800BDD4CF /* aTests */ = {
			isa = PBXGroup;
			children = (
				F73A66831EB5CB6800BDD4CF /* aTests.swift */,
				F73A66851EB5CB6800BDD4CF /* Info.plist */,
			);
			path = aTests;
			sourceTree = "<group>";
		};
		F73A668D1EB5CB6800BDD4CF /* aUITests */ = {
			isa = PBXGroup;
			children = (
				F73A668E1EB5CB6800BDD4CF /* aUITests.swift */,
				F73A66901EB5CB6800BDD4CF /* Info.plist */,
			);
			path = aUITests;
			sourceTree = "<group>";
		};
/* End PBXGroup section */

/* Begin PBXNativeTarget section */
		F73A666A1EB5CB6800BDD4CF /* a */ = {
			isa = PBXNativeTarget;
			buildConfigurationList = F73A66931EB5CB6800BDD4CF /* Build configuration list for PBXNativeTarget "a" */;
			buildPhases = (
				F73A66671EB5CB6800BDD4CF /* Sources */,
				F73A66681EB5CB6800BDD4CF /* Frameworks */,
				F73A66691EB5CB6800BDD4CF /* Resources */,
			);
			buildRules = (
			);
			dependencies = (
			);
			name = a;
			productName = a;
			productReference = F73A666B1EB5CB6800BDD4CF /* a.app */;
			productType = "com.apple.product-type.application";
		};
		F73A667E1EB5CB6800BDD4CF /* aTests */ = {
			isa = PBXNativeTarget;
			buildConfigurationList = F73A66961EB5CB6800BDD4CF /* Build configuration list for PBXNativeTarget "aTests" */;
			buildPhases = (
				F73A667B1EB5CB6800BDD4CF /* Sources */,
				F73A667C1EB5CB6800BDD4CF /* Frameworks */,
				F73A667D1EB5CB6800BDD4CF /* Resources */,
			);
			buildRules = (
			);
			dependencies = (
				F73A66811EB5CB6800BDD4CF /* PBXTargetDependency */,
			);
			name = aTests;
			productName = aTests;
			productReference = F73A667F1EB5CB6800BDD4CF /* aTests.xctest */;
			productType = "com.apple.product-type.bundle.unit-test";
		};
		F73A66891EB5CB6800BDD4CF /* aUITests */ = {
			isa = PBXNativeTarget;
			buildConfigurationList = F73A66991EB5CB6800BDD4CF /* Build configuration list for PBXNativeTarget "aUITests" */;
			buildPhases = (
				F73A66861EB5CB6800BDD4CF /* Sources */,
				F73A66871EB5CB6800BDD4CF /* Frameworks */,
				F73A66881EB5CB6800BDD4CF /* Resources */,
			);
			buildRules = (
			);
			dependencies = (
				F73A668C1EB5CB6800BDD4CF /* PBXTargetDependency */,
			);
			name = aUITests;
			productName = aUITests;
			productReference = F73A668A1EB5CB6800BDD4CF /* aUITests.xctest */;
			productType = "com.apple.product-type.bundle.ui-testing";
		};
/* End PBXNativeTarget section */

/* Begin PBXProject section */
		F73A66631EB5CB6800BDD4CF /* Project object */ = {
			isa = PBXProject;
			attributes = {
				LastSwiftUpdateCheck = 0830;
				LastUpgradeCheck = 0830;
				ORGANIZATIONNAME = "Yuta Sahinai";
				TargetAttributes = {
					F73A666A1EB5CB6800BDD4CF = {
						CreatedOnToolsVersion = 8.3.1;
						ProvisioningStyle = Automatic;
					};
					F73A667E1EB5CB6800BDD4CF = {
						CreatedOnToolsVersion = 8.3.1;
						ProvisioningStyle = Automatic;
						TestTargetID = F73A666A1EB5CB6800BDD4CF;
					};
					F73A66891EB5CB6800BDD4CF = {
						CreatedOnToolsVersion = 8.3.1;
						ProvisioningStyle = Automatic;
						TestTargetID = F73A666A1EB5CB6800BDD4CF;
					};
				};
			};
			buildConfigurationList = F73A66661EB5CB6800BDD4CF /* Build configuration list for PBXProject "a" */;
			compatibilityVersion = "Xcode 3.2";
			developmentRegion = English;
			hasScannedForEncodings = 0;
			knownRegions = (
				en,
				Base,
			);
			mainGroup = F73A66621EB5CB6800BDD4CF;
			productRefGroup = F73A666C1EB5CB6800BDD4CF /* Products */;
			projectDirPath = "";
			projectRoot = "";
			targets = (
				F73A666A1EB5CB6800BDD4CF /* a */,
				F73A667E1EB5CB6800BDD4CF /* aTests */,
				F73A66891EB5CB6800BDD4CF /* aUITests */,
			);
		};
/* End PBXProject section */

/* Begin PBXResourcesBuildPhase section */
		F73A66691EB5CB6800BDD4CF /* Resources */ = {
			isa = PBXResourcesBuildPhase;
			buildActionMask = 2147483647;
			files = (
				F73A66791EB5CB6800BDD4CF /* LaunchScreen.storyboard in Resources */,
				F73A66761EB5CB6800BDD4CF /* Assets.xcassets in Resources */,
				F73A66741EB5CB6800BDD4CF /* Main.storyboard in Resources */,
			);
			runOnlyForDeploymentPostprocessing = 0;
		};
		F73A667D1EB5CB6800BDD4CF /* Resources */ = {
			isa = PBXResourcesBuildPhase;
			buildActionMask = 2147483647;
			files = (
			);
			runOnlyForDeploymentPostprocessing = 0;
		};
		F73A66881EB5CB6800BDD4CF /* Resources */ = {
			isa = PBXResourcesBuildPhase;
			buildActionMask = 2147483647;
			files = (
			);
			runOnlyForDeploymentPostprocessing = 0;
		};
/* End PBXResourcesBuildPhase section */

/* Begin PBXSourcesBuildPhase section */
		F73A66671EB5CB6800BDD4CF /* Sources */ = {
			isa = PBXSourcesBuildPhase;
			buildActionMask = 2147483647;
			files = (
				F73A66A51EBA7C8800BDD4CF /* ViewController1.swift in Sources */,
				F73A669F1EB5CC6500BDD4CF /* ViewController.swift in Sources */,
				F73A669D1EB5CB7300BDD4CF /* TestCollectionViewCell.swift in Sources */,
				F73A66A71EBB5A2700BDD4CF /* ImageViewController.swift in Sources */,
				F73A66A31EBA511B00BDD4CF /* MemoViewController.swift in Sources */,
				F73A666F1EB5CB6800BDD4CF /* AppDelegate.swift in Sources */,
				F73A66A11EB5D3CD00BDD4CF /* SubViewController.swift in Sources */,
			);
			runOnlyForDeploymentPostprocessing = 0;
		};
		F73A667B1EB5CB6800BDD4CF /* Sources */ = {
			isa = PBXSourcesBuildPhase;
			buildActionMask = 2147483647;
			files = (
				F73A66841EB5CB6800BDD4CF /* aTests.swift in Sources */,
			);
			runOnlyForDeploymentPostprocessing = 0;
		};
		F73A66861EB5CB6800BDD4CF /* Sources */ = {
			isa = PBXSourcesBuildPhase;
			buildActionMask = 2147483647;
			files = (
				F73A668F1EB5CB6800BDD4CF /* aUITests.swift in Sources */,
			);
			runOnlyForDeploymentPostprocessing = 0;
		};
/* End PBXSourcesBuildPhase section */

/* Begin PBXTargetDependency section */
		F73A66811EB5CB6800BDD4CF /* PBXTargetDependency */ = {
			isa = PBXTargetDependency;
			target = F73A666A1EB5CB6800BDD4CF /* a */;
			targetProxy = F73A66801EB5CB6800BDD4CF /* PBXContainerItemProxy */;
		};
		F73A668C1EB5CB6800BDD4CF /* PBXTargetDependency */ = {
			isa = PBXTargetDependency;
			target = F73A666A1EB5CB6800BDD4CF /* a */;
			targetProxy = F73A668B1EB5CB6800BDD4CF /* PBXContainerItemProxy */;
		};
/* End PBXTargetDependency section */

/* Begin PBXVariantGroup section */
		F73A66721EB5CB6800BDD4CF /* Main.storyboard */ = {
			isa = PBXVariantGroup;
			children = (
				F73A66731EB5CB6800BDD4CF /* Base */,
			);
			name = Main.storyboard;
			sourceTree = "<group>";
		};
		F73A66771EB5CB6800BDD4CF /* LaunchScreen.storyboard */ = {
			isa = PBXVariantGroup;
			children = (
				F73A66781EB5CB6800BDD4CF /* Base */,
			);
			name = LaunchScreen.storyboard;
			sourceTree = "<group>";
		};
/* End PBXVariantGroup section */

/* Begin XCBuildConfiguration section */
		F73A66911EB5CB6800BDD4CF /* Debug */ = {
			isa = XCBuildConfiguration;
			buildSettings = {
				ALWAYS_SEARCH_USER_PATHS = NO;
				CLANG_ANALYZER_NONNULL = YES;
				CLANG_ANALYZER_NUMBER_OBJECT_CONVERSION = YES_AGGRESSIVE;
				CLANG_CXX_LANGUAGE_STANDARD = "gnu++0x";
				CLANG_CXX_LIBRARY = "libc++";
				CLANG_ENABLE_MODULES = YES;
				CLANG_ENABLE_OBJC_ARC = YES;
				CLANG_WARN_BOOL_CONVERSION = YES;
				CLANG_WARN_CONSTANT_CONVERSION = YES;
				CLANG_WARN_DIRECT_OBJC_ISA_USAGE = YES_ERROR;
				CLANG_WARN_DOCUMENTATION_COMMENTS = YES;
				CLANG_WARN_EMPTY_BODY = YES;
				CLANG_WARN_ENUM_CONVERSION = YES;
				CLANG_WARN_INFINITE_RECURSION = YES;
				CLANG_WARN_INT_CONVERSION = YES;
				CLANG_WARN_OBJC_ROOT_CLASS = YES_ERROR;
				CLANG_WARN_SUSPICIOUS_MOVE = YES;
				CLANG_WARN_UNREACHABLE_CODE = YES;
				CLANG_WARN__DUPLICATE_METHOD_MATCH = YES;
				"CODE_SIGN_IDENTITY[sdk=iphoneos*]" = "iPhone Developer";
				COPY_PHASE_STRIP = NO;
				DEBUG_INFORMATION_FORMAT = dwarf;
				ENABLE_STRICT_OBJC_MSGSEND = YES;
				ENABLE_TESTABILITY = YES;
				GCC_C_LANGUAGE_STANDARD = gnu99;
				GCC_DYNAMIC_NO_PIC = NO;
				GCC_NO_COMMON_BLOCKS = YES;
				GCC_OPTIMIZATION_LEVEL = 0;
				GCC_PREPROCESSOR_DEFINITIONS = (
					"DEBUG=1",
					"$(inherited)",
				);
				GCC_WARN_64_TO_32_BIT_CONVERSION = YES;
				GCC_WARN_ABOUT_RETURN_TYPE = YES_ERROR;
				GCC_WARN_UNDECLARED_SELECTOR = YES;
				GCC_WARN_UNINITIALIZED_AUTOS = YES_AGGRESSIVE;
				GCC_WARN_UNUSED_FUNCTION = YES;
				GCC_WARN_UNUSED_VARIABLE = YES;
				IPHONEOS_DEPLOYMENT_TARGET = 10.3;
				MTL_ENABLE_DEBUG_INFO = YES;
				ONLY_ACTIVE_ARCH = YES;
				SDKROOT = iphoneos;
				SWIFT_ACTIVE_COMPILATION_CONDITIONS = DEBUG;
				SWIFT_OPTIMIZATION_LEVEL = "-Onone";
			};
			name = Debug;
		};
		F73A66921EB5CB6800BDD4CF /* Release */ = {
			isa = XCBuildConfiguration;
			buildSettings = {
				ALWAYS_SEARCH_USER_PATHS = NO;
				CLANG_ANALYZER_NONNULL = YES;
				CLANG_ANALYZER_NUMBER_OBJECT_CONVERSION = YES_AGGRESSIVE;
				CLANG_CXX_LANGUAGE_STANDARD = "gnu++0x";
				CLANG_CXX_LIBRARY = "libc++";
				CLANG_ENABLE_MODULES = YES;
				CLANG_ENABLE_OBJC_ARC = YES;
				CLANG_WARN_BOOL_CONVERSION = YES;
				CLANG_WARN_CONSTANT_CONVERSION = YES;
				CLANG_WARN_DIRECT_OBJC_ISA_USAGE = YES_ERROR;
				CLANG_WARN_DOCUMENTATION_COMMENTS = YES;
				CLANG_WARN_EMPTY_BODY = YES;
				CLANG_WARN_ENUM_CONVERSION = YES;
				CLANG_WARN_INFINITE_RECURSION = YES;
				CLANG_WARN_INT_CONVERSION = YES;
				CLANG_WARN_OBJC_ROOT_CLASS = YES_ERROR;
				CLANG_WARN_SUSPICIOUS_MOVE = YES;
				CLANG_WARN_UNREACHABLE_CODE = YES;
				CLANG_WARN__DUPLICATE_METHOD_MATCH = YES;
				"CODE_SIGN_IDENTITY[sdk=iphoneos*]" = "iPhone Developer";
				COPY_PHASE_STRIP = NO;
				DEBUG_INFORMATION_FORMAT = "dwarf-with-dsym";
				ENABLE_NS_ASSERTIONS = NO;
				ENABLE_STRICT_OBJC_MSGSEND = YES;
				GCC_C_LANGUAGE_STANDARD = gnu99;
				GCC_NO_COMMON_BLOCKS = YES;
				GCC_WARN_64_TO_32_BIT_CONVERSION = YES;
				GCC_WARN_ABOUT_RETURN_TYPE = YES_ERROR;
				GCC_WARN_UNDECLARED_SELECTOR = YES;
				GCC_WARN_UNINITIALIZED_AUTOS = YES_AGGRESSIVE;
				GCC_WARN_UNUSED_FUNCTION = YES;
				GCC_WARN_UNUSED_VARIABLE = YES;
				IPHONEOS_DEPLOYMENT_TARGET = 10.3;
				MTL_ENABLE_DEBUG_INFO = NO;
				SDKROOT = iphoneos;
				SWIFT_OPTIMIZATION_LEVEL = "-Owholemodule";
				VALIDATE_PRODUCT = YES;
			};
			name = Release;
		};
		F73A66941EB5CB6800BDD4CF /* Debug */ = {
			isa = XCBuildConfiguration;
			buildSettings = {
				ASSETCATALOG_COMPILER_APPICON_NAME = AppIcon;
				INFOPLIST_FILE = a/Info.plist;
				LD_RUNPATH_SEARCH_PATHS = "$(inherited) @executable_path/Frameworks";
				PRODUCT_BUNDLE_IDENTIFIER = com.litech.a;
				PRODUCT_NAME = "$(TARGET_NAME)";
				SWIFT_VERSION = 3.0;
			};
			name = Debug;
		};
		F73A66951EB5CB6800BDD4CF /* Release */ = {
			isa = XCBuildConfiguration;
			buildSettings = {
				ASSETCATALOG_COMPILER_APPICON_NAME = AppIcon;
				INFOPLIST_FILE = a/Info.plist;
				LD_RUNPATH_SEARCH_PATHS = "$(inherited) @executable_path/Frameworks";
				PRODUCT_BUNDLE_IDENTIFIER = com.litech.a;
				PRODUCT_NAME = "$(TARGET_NAME)";
				SWIFT_VERSION = 3.0;
			};
			name = Release;
		};
		F73A66971EB5CB6800BDD4CF /* Debug */ = {
			isa = XCBuildConfiguration;
			buildSettings = {
				ALWAYS_EMBED_SWIFT_STANDARD_LIBRARIES = YES;
				BUNDLE_LOADER = "$(TEST_HOST)";
				INFOPLIST_FILE = aTests/Info.plist;
				LD_RUNPATH_SEARCH_PATHS = "$(inherited) @executable_path/Frameworks @loader_path/Frameworks";
				PRODUCT_BUNDLE_IDENTIFIER = com.litech.aTests;
				PRODUCT_NAME = "$(TARGET_NAME)";
				SWIFT_VERSION = 3.0;
				TEST_HOST = "$(BUILT_PRODUCTS_DIR)/a.app/a";
			};
			name = Debug;
		};
		F73A66981EB5CB6800BDD4CF /* Release */ = {
			isa = XCBuildConfiguration;
			buildSettings = {
				ALWAYS_EMBED_SWIFT_STANDARD_LIBRARIES = YES;
				BUNDLE_LOADER = "$(TEST_HOST)";
				INFOPLIST_FILE = aTests/Info.plist;
				LD_RUNPATH_SEARCH_PATHS = "$(inherited) @executable_path/Frameworks @loader_path/Frameworks";
				PRODUCT_BUNDLE_IDENTIFIER = com.litech.aTests;
				PRODUCT_NAME = "$(TARGET_NAME)";
				SWIFT_VERSION = 3.0;
				TEST_HOST = "$(BUILT_PRODUCTS_DIR)/a.app/a";
			};
			name = Release;
		};
		F73A669A1EB5CB6800BDD4CF /* Debug */ = {
			isa = XCBuildConfiguration;
			buildSettings = {
				ALWAYS_EMBED_SWIFT_STANDARD_LIBRARIES = YES;
				INFOPLIST_FILE = aUITests/Info.plist;
				LD_RUNPATH_SEARCH_PATHS = "$(inherited) @executable_path/Frameworks @loader_path/Frameworks";
				PRODUCT_BUNDLE_IDENTIFIER = com.litech.aUITests;
				PRODUCT_NAME = "$(TARGET_NAME)";
				SWIFT_VERSION = 3.0;
				TEST_TARGET_NAME = a;
			};
			name = Debug;
		};
		F73A669B1EB5CB6800BDD4CF /* Release */ = {
			isa = XCBuildConfiguration;
			buildSettings = {
				ALWAYS_EMBED_SWIFT_STANDARD_LIBRARIES = YES;
				INFOPLIST_FILE = aUITests/Info.plist;
				LD_RUNPATH_SEARCH_PATHS = "$(inherited) @executable_path/Frameworks @loader_path/Frameworks";
				PRODUCT_BUNDLE_IDENTIFIER = com.litech.aUITests;
				PRODUCT_NAME = "$(TARGET_NAME)";
				SWIFT_VERSION = 3.0;
				TEST_TARGET_NAME = a;
			};
			name = Release;
		};
/* End XCBuildConfiguration section */

/* Begin XCConfigurationList section */
		F73A66661EB5CB6800BDD4CF /* Build configuration list for PBXProject "a" */ = {
			isa = XCConfigurationList;
			buildConfigurations = (
				F73A66911EB5CB6800BDD4CF /* Debug */,
				F73A66921EB5CB6800BDD4CF /* Release */,
			);
			defaultConfigurationIsVisible = 0;
			defaultConfigurationName = Release;
		};
		F73A66931EB5CB6800BDD4CF /* Build configuration list for PBXNativeTarget "a" */ = {
			isa = XCConfigurationList;
			buildConfigurations = (
				F73A66941EB5CB6800BDD4CF /* Debug */,
				F73A66951EB5CB6800BDD4CF /* Release */,
			);
			defaultConfigurationIsVisible = 0;
			defaultConfigurationName = Release;
		};
		F73A66961EB5CB6800BDD4CF /* Build configuration list for PBXNativeTarget "aTests" */ = {
			isa = XCConfigurationList;
			buildConfigurations = (
				F73A66971EB5CB6800BDD4CF /* Debug */,
				F73A66981EB5CB6800BDD4CF /* Release */,
			);
			defaultConfigurationIsVisible = 0;
			defaultConfigurationName = Release;
		};
		F73A66991EB5CB6800BDD4CF /* Build configuration list for PBXNativeTarget "aUITests" */ = {
			isa = XCConfigurationList;
			buildConfigurations = (
				F73A669A1EB5CB6800BDD4CF /* Debug */,
				F73A669B1EB5CB6800BDD4CF /* Release */,
			);
			defaultConfigurationIsVisible = 0;
			defaultConfigurationName = Release;
		};
/* End XCConfigurationList section */
	};
	rootObject = F73A66631EB5CB6800BDD4CF /* Project object */;
}
